
Microsoft Visual Studio Solution File, Format Version 12.00
# Visual Studio Version 16
VisualStudioVersion = 16.0.29519.181
MinimumVisualStudioVersion = 10.0.40219.1
Project("{FAE04EC0-301F-11D3-BF4B-00C04F79EFBC}") = "Greg.PlanChecker", "ESAPX_StarterUI1\Greg.PlanChecker.csproj", "{BE090859-DA7C-4D97-9C59-4FEADC5BA74E}"
EndProject
Global
	GlobalSection(SolutionConfigurationPlatforms) = preSolution
		Debug|Any CPU = Debug|Any CPU
		Debug|x64 = Debug|x64
		Release|Any CPU = Release|Any CPU
		Release|x64 = Release|x64
	EndGlobalSection
	GlobalSection(ProjectConfigurationPlatforms) = postSolution
		{BE090859-DA7C-4D97-9C59-4FEADC5BA74E}.Debug|Any CPU.ActiveCfg = Debug|Any CPU
		{BE090859-DA7C-4D97-9C59-4FEADC5BA74E}.Debug|Any CPU.Build.0 = Debug|Any CPU
		{BE090859-DA7C-4D97-9C59-4FEADC5BA74E}.Debug|x64.ActiveCfg = Debug|x64
		{BE090859-DA7C-4D97-9C59-4FEADC5BA74E}.Debug|x64.Build.0 = Debug|x64
		{BE090859-DA7C-4D97-9C59-4FEADC5BA74E}.Release|Any CPU.ActiveCfg = Release|Any CPU
		{BE090859-DA7C-4D97-9C59-4FEADC5BA74E}.Release|Any CPU.Build.0 = Release|Any CPU
		{BE090859-DA7C-4D97-9C59-4FEADC5BA74E}.Release|x64.ActiveCfg = Release|x64
		{BE090859-DA7C-4D97-9C59-4FEADC5BA74E}.Release|x64.Build.0 = Release|x64
	EndGlobalSection
	GlobalSection(SolutionProperties) = preSolution
		HideSolutionNode = FALSE
	EndGlobalSection
	GlobalSection(ExtensibilityGlobals) = postSolution
		SolutionGuid = {E7AA5919-6915-4A50-B245-6D541D7ABC9C}
	EndGlobalSection
EndGlobal
